// !$*UTF8*$!
{
	archiveVersion = 1;
	classes = {
	};
	objectVersion = 77;
	objects = {

/* Begin PBXContainerItemProxy section */
		64CCD3752CDDECCA0034D61B /* PBXContainerItemProxy */ = {
			isa = PBXContainerItemProxy;
			containerPortal = 64CCD35C2CDDECC70034D61B /* Project object */;
			proxyType = 1;
			remoteGlobalIDString = 64CCD3632CDDECC70034D61B;
			remoteInfo = DemoAudioRecording;
		};
		64CCD37F2CDDECCA0034D61B /* PBXContainerItemProxy */ = {
			isa = PBXContainerItemProxy;
			containerPortal = 64CCD35C2CDDECC70034D61B /* Project object */;
			proxyType = 1;
			remoteGlobalIDString = 64CCD3632CDDECC70034D61B;
			remoteInfo = DemoAudioRecording;
		};
/* End PBXContainerItemProxy section */

/* Begin PBXFileReference section */
		64CCD3642CDDECC70034D61B /* DemoAudioRecording.app */ = {isa = PBXFileReference; explicitFileType = wrapper.application; includeInIndex = 0; path = DemoAudioRecording.app; sourceTree = BUILT_PRODUCTS_DIR; };
		64CCD3742CDDECCA0034D61B /* DemoAudioRecordingTests.xctest */ = {isa = PBXFileReference; explicitFileType = wrapper.cfbundle; includeInIndex = 0; path = DemoAudioRecordingTests.xctest; sourceTree = BUILT_PRODUCTS_DIR; };
		64CCD37E2CDDECCA0034D61B /* DemoAudioRecordingUITests.xctest */ = {isa = PBXFileReference; explicitFileType = wrapper.cfbundle; includeInIndex = 0; path = DemoAudioRecordingUITests.xctest; sourceTree = BUILT_PRODUCTS_DIR; };
/* End PBXFileReference section */

/* Begin PBXFileSystemSynchronizedBuildFileExceptionSet section */
		64CCD3952CDDF7A10034D61B /* Exceptions for "DemoAudioRecording" folder in "DemoAudioRecording" target */ = {
			isa = PBXFileSystemSynchronizedBuildFileExceptionSet;
			membershipExceptions = (
				Info.plist,
			);
			target = 64CCD3632CDDECC70034D61B /* DemoAudioRecording */;
		};
/* End PBXFileSystemSynchronizedBuildFileExceptionSet section */

/* Begin PBXFileSystemSynchronizedRootGroup section */
		64CCD3662CDDECC70034D61B /* DemoAudioRecording */ = {
			isa = PBXFileSystemSynchronizedRootGroup;
			exceptions = (
				64CCD3952CDDF7A10034D61B /* Exceptions for "DemoAudioRecording" folder in "DemoAudioRecording" target */,
			);
			path = DemoAudioRecording;
			sourceTree = "<group>";
		};
		64CCD3772CDDECCA0034D61B /* DemoAudioRecordingTests */ = {
			isa = PBXFileSystemSynchronizedRootGroup;
			path = DemoAudioRecordingTests;
			sourceTree = "<group>";
		};
		64CCD3812CDDECCA0034D61B /* DemoAudioRecordingUITests */ = {
			isa = PBXFileSystemSynchronizedRootGroup;
			path = DemoAudioRecordingUITests;
			sourceTree = "<group>";
		};
/* End PBXFileSystemSynchronizedRootGroup section */

/* Begin PBXFrameworksBuildPhase section */
		64CCD3612CDDECC70034D61B /* Frameworks */ = {
			isa = PBXFrameworksBuildPhase;
			buildActionMask = 2147483647;
			files = (
			);
			runOnlyForDeploymentPostprocessing = 0;
		};
		64CCD3712CDDECCA0034D61B /* Frameworks */ = {
			isa = PBXFrameworksBuildPhase;
			buildActionMask = 2147483647;
			files = (
			);
			runOnlyForDeploymentPostprocessing = 0;
		};
		64CCD37B2CDDECCA0034D61B /* Frameworks */ = {
			isa = PBXFrameworksBuildPhase;
			buildActionMask = 2147483647;
			files = (
			);
			runOnlyForDeploymentPostprocessing = 0;
		};
/* End PBXFrameworksBuildPhase section */

/* Begin PBXGroup section */
		64CCD35B2CDDECC70034D61B = {
			isa = PBXGroup;
			children = (
				64CCD3662CDDECC70034D61B /* DemoAudioRecording */,
				64CCD3772CDDECCA0034D61B /* DemoAudioRecordingTests */,
				64CCD3812CDDECCA0034D61B /* DemoAudioRecordingUITests */,
				64CCD3652CDDECC70034D61B /* Products */,
			);
			sourceTree = "<group>";
		};
		64CCD3652CDDECC70034D61B /* Products */ = {
			isa = PBXGroup;
			children = (
				64CCD3642CDDECC70034D61B /* DemoAudioRecording.app */,
				64CCD3742CDDECCA0034D61B /* DemoAudioRecordingTests.xctest */,
				64CCD37E2CDDECCA0034D61B /* DemoAudioRecordingUITests.xctest */,
			);
			name = Products;
			sourceTree = "<group>";
		};
/* End PBXGroup section */

/* Begin PBXNativeTarget section */
		64CCD3632CDDECC70034D61B /* DemoAudioRecording */ = {
			isa = PBXNativeTarget;
			buildConfigurationList = 64CCD3882CDDECCA0034D61B /* Build configuration list for PBXNativeTarget "DemoAudioRecording" */;
			buildPhases = (
				64CCD3602CDDECC70034D61B /* Sources */,
				64CCD3612CDDECC70034D61B /* Frameworks */,
				64CCD3622CDDECC70034D61B /* Resources */,
			);
			buildRules = (
			);
			dependencies = (
			);
			fileSystemSynchronizedGroups = (
				64CCD3662CDDECC70034D61B /* DemoAudioRecording */,
			);
			name = DemoAudioRecording;
			packageProductDependencies = (
			);
			productName = DemoAudioRecording;
			productReference = 64CCD3642CDDECC70034D61B /* DemoAudioRecording.app */;
			productType = "com.apple.product-type.application";
		};
		64CCD3732CDDECCA0034D61B /* DemoAudioRecordingTests */ = {
			isa = PBXNativeTarget;
			buildConfigurationList = 64CCD38B2CDDECCA0034D61B /* Build configuration list for PBXNativeTarget "DemoAudioRecordingTests" */;
			buildPhases = (
				64CCD3702CDDECCA0034D61B /* Sources */,
				64CCD3712CDDECCA0034D61B /* Frameworks */,
				64CCD3722CDDECCA0034D61B /* Resources */,
			);
			buildRules = (
			);
			dependencies = (
				64CCD3762CDDECCA0034D61B /* PBXTargetDependency */,
			);
			fileSystemSynchronizedGroups = (
				64CCD3772CDDECCA0034D61B /* DemoAudioRecordingTests */,
			);
			name = DemoAudioRecordingTests;
			packageProductDependencies = (
			);
			productName = DemoAudioRecordingTests;
			productReference = 64CCD3742CDDECCA0034D61B /* DemoAudioRecordingTests.xctest */;
			productType = "com.apple.product-type.bundle.unit-test";
		};
		64CCD37D2CDDECCA0034D61B /* DemoAudioRecordingUITests */ = {
			isa = PBXNativeTarget;
			buildConfigurationList = 64CCD38E2CDDECCA0034D61B /* Build configuration list for PBXNativeTarget "DemoAudioRecordingUITests" */;
			buildPhases = (
				64CCD37A2CDDECCA0034D61B /* Sources */,
				64CCD37B2CDDECCA0034D61B /* Frameworks */,
				64CCD37C2CDDECCA0034D61B /* Resources */,
			);
			buildRules = (
			);
			dependencies = (
				64CCD3802CDDECCA0034D61B /* PBXTargetDependency */,
			);
			fileSystemSynchronizedGroups = (
				64CCD3812CDDECCA0034D61B /* DemoAudioRecordingUITests */,
			);
			name = DemoAudioRecordingUITests;
			packageProductDependencies = (
			);
			productName = DemoAudioRecordingUITests;
			productReference = 64CCD37E2CDDECCA0034D61B /* DemoAudioRecordingUITests.xctest */;
			productType = "com.apple.product-type.bundle.ui-testing";
		};
/* End PBXNativeTarget section */

/* Begin PBXProject section */
		64CCD35C2CDDECC70034D61B /* Project object */ = {
			isa = PBXProject;
			attributes = {
				BuildIndependentTargetsInParallel = 1;
				LastSwiftUpdateCheck = 1610;
				LastUpgradeCheck = 1610;
				TargetAttributes = {
					64CCD3632CDDECC70034D61B = {
						CreatedOnToolsVersion = 16.1;
					};
					64CCD3732CDDECCA0034D61B = {
						CreatedOnToolsVersion = 16.1;
						TestTargetID = 64CCD3632CDDECC70034D61B;
					};
					64CCD37D2CDDECCA0034D61B = {
						CreatedOnToolsVersion = 16.1;
						TestTargetID = 64CCD3632CDDECC70034D61B;
					};
				};
			};
			buildConfigurationList = 64CCD35F2CDDECC70034D61B /* Build configuration list for PBXProject "DemoAudioRecording" */;
			developmentRegion = en;
			hasScannedForEncodings = 0;
			knownRegions = (
				en,
				Base,
			);
			mainGroup = 64CCD35B2CDDECC70034D61B;
			minimizedProjectReferenceProxies = 1;
			preferredProjectObjectVersion = 77;
			productRefGroup = 64CCD3652CDDECC70034D61B /* Products */;
			projectDirPath = "";
			projectRoot = "";
			targets = (
				64CCD3632CDDECC70034D61B /* DemoAudioRecording */,
				64CCD3732CDDECCA0034D61B /* DemoAudioRecordingTests */,
				64CCD37D2CDDECCA0034D61B /* DemoAudioRecordingUITests */,
			);
		};
/* End PBXProject section */

/* Begin PBXResourcesBuildPhase section */
		64CCD3622CDDECC70034D61B /* Resources */ = {
			isa = PBXResourcesBuildPhase;
			buildActionMask = 2147483647;
			files = (
			);
			runOnlyForDeploymentPostprocessing = 0;
		};
		64CCD3722CDDECCA0034D61B /* Resources */ = {
			isa = PBXResourcesBuildPhase;
			buildActionMask = 2147483647;
			files = (
			);
			runOnlyForDeploymentPostprocessing = 0;
		};
		64CCD37C2CDDECCA0034D61B /* Resources */ = {
			isa = PBXResourcesBuildPhase;
			buildActionMask = 2147483647;
			files = (
			);
			runOnlyForDeploymentPostprocessing = 0;
		};
/* End PBXResourcesBuildPhase section */

/* Begin PBXSourcesBuildPhase section */
		64CCD3602CDDECC70034D61B /* Sources */ = {
			isa = PBXSourcesBuildPhase;
			buildActionMask = 2147483647;
			files = (
			);
			runOnlyForDeploymentPostprocessing = 0;
		};
		64CCD3702CDDECCA0034D61B /* Sources */ = {
			isa = PBXSourcesBuildPhase;
			buildActionMask = 2147483647;
			files = (
			);
			runOnlyForDeploymentPostprocessing = 0;
		};
		64CCD37A2CDDECCA0034D61B /* Sources */ = {
			isa = PBXSourcesBuildPhase;
			buildActionMask = 2147483647;
			files = (
			);
			runOnlyForDeploymentPostprocessing = 0;
		};
/* End PBXSourcesBuildPhase section */

/* Begin PBXTargetDependency section */
		64CCD3762CDDECCA0034D61B /* PBXTargetDependency */ = {
			isa = PBXTargetDependency;
			target = 64CCD3632CDDECC70034D61B /* DemoAudioRecording */;
			targetProxy = 64CCD3752CDDECCA0034D61B /* PBXContainerItemProxy */;
		};
		64CCD3802CDDECCA0034D61B /* PBXTargetDependency */ = {
			isa = PBXTargetDependency;
			target = 64CCD3632CDDECC70034D61B /* DemoAudioRecording */;
			targetProxy = 64CCD37F2CDDECCA0034D61B /* PBXContainerItemProxy */;
		};
/* End PBXTargetDependency section */

/* Begin XCBuildConfiguration section */
		64CCD3862CDDECCA0034D61B /* Debug */ = {
			isa = XCBuildConfiguration;
			buildSettings = {
				ALWAYS_SEARCH_USER_PATHS = NO;
				ASSETCATALOG_COMPILER_GENERATE_SWIFT_ASSET_SYMBOL_EXTENSIONS = YES;
				CLANG_ANALYZER_NONNULL = YES;
				CLANG_ANALYZER_NUMBER_OBJECT_CONVERSION = YES_AGGRESSIVE;
				CLANG_CXX_LANGUAGE_STANDARD = "gnu++20";
				CLANG_ENABLE_MODULES = YES;
				CLANG_ENABLE_OBJC_ARC = YES;
				CLANG_ENABLE_OBJC_WEAK = YES;
				CLANG_WARN_BLOCK_CAPTURE_AUTORELEASING = YES;
				CLANG_WARN_BOOL_CONVERSION = YES;
				CLANG_WARN_COMMA = YES;
				CLANG_WARN_CONSTANT_CONVERSION = YES;
				CLANG_WARN_DEPRECATED_OBJC_IMPLEMENTATIONS = YES;
				CLANG_WARN_DIRECT_OBJC_ISA_USAGE = YES_ERROR;
				CLANG_WARN_DOCUMENTATION_COMMENTS = YES;
				CLANG_WARN_EMPTY_BODY = YES;
				CLANG_WARN_ENUM_CONVERSION = YES;
				CLANG_WARN_INFINITE_RECURSION = YES;
				CLANG_WARN_INT_CONVERSION = YES;
				CLANG_WARN_NON_LITERAL_NULL_CONVERSION = YES;
				CLANG_WARN_OBJC_IMPLICIT_RETAIN_SELF = YES;
				CLANG_WARN_OBJC_LITERAL_CONVERSION = YES;
				CLANG_WARN_OBJC_ROOT_CLASS = YES_ERROR;
				CLANG_WARN_QUOTED_INCLUDE_IN_FRAMEWORK_HEADER = YES;
				CLANG_WARN_RANGE_LOOP_ANALYSIS = YES;
				CLANG_WARN_STRICT_PROTOTYPES = YES;
				CLANG_WARN_SUSPICIOUS_MOVE = YES;
				CLANG_WARN_UNGUARDED_AVAILABILITY = YES_AGGRESSIVE;
				CLANG_WARN_UNREACHABLE_CODE = YES;
				CLANG_WARN__DUPLICATE_METHOD_MATCH = YES;
				COPY_PHASE_STRIP = NO;
				DEBUG_INFORMATION_FORMAT = dwarf;
				ENABLE_STRICT_OBJC_MSGSEND = YES;
				ENABLE_TESTABILITY = YES;
				ENABLE_USER_SCRIPT_SANDBOXING = YES;
				GCC_C_LANGUAGE_STANDARD = gnu17;
				GCC_DYNAMIC_NO_PIC = NO;
				GCC_NO_COMMON_BLOCKS = YES;
				GCC_OPTIMIZATION_LEVEL = 0;
				GCC_PREPROCESSOR_DEFINITIONS = (
					"DEBUG=1",
					"$(inherited)",
				);
				GCC_WARN_64_TO_32_BIT_CONVERSION = YES;
				GCC_WARN_ABOUT_RETURN_TYPE = YES_ERROR;
				GCC_WARN_UNDECLARED_SELECTOR = YES;
				GCC_WARN_UNINITIALIZED_AUTOS = YES_AGGRESSIVE;
				GCC_WARN_UNUSED_FUNCTION = YES;
				GCC_WARN_UNUSED_VARIABLE = YES;
				IPHONEOS_DEPLOYMENT_TARGET = 18.1;
				LOCALIZATION_PREFERS_STRING_CATALOGS = YES;
				MTL_ENABLE_DEBUG_INFO = INCLUDE_SOURCE;
				MTL_FAST_MATH = YES;
				ONLY_ACTIVE_ARCH = YES;
				SDKROOT = iphoneos;
				SWIFT_ACTIVE_COMPILATION_CONDITIONS = "DEBUG $(inherited)";
				SWIFT_OPTIMIZATION_LEVEL = "-Onone";
			};
			name = Debug;
		};
		64CCD3872CDDECCA0034D61B /* Release */ = {
			isa = XCBuildConfiguration;
			buildSettings = {
				ALWAYS_SEARCH_USER_PATHS = NO;
				ASSETCATALOG_COMPILER_GENERATE_SWIFT_ASSET_SYMBOL_EXTENSIONS = YES;
				CLANG_ANALYZER_NONNULL = YES;
				CLANG_ANALYZER_NUMBER_OBJECT_CONVERSION = YES_AGGRESSIVE;
				CLANG_CXX_LANGUAGE_STANDARD = "gnu++20";
				CLANG_ENABLE_MODULES = YES;
				CLANG_ENABLE_OBJC_ARC = YES;
				CLANG_ENABLE_OBJC_WEAK = YES;
				CLANG_WARN_BLOCK_CAPTURE_AUTORELEASING = YES;
				CLANG_WARN_BOOL_CONVERSION = YES;
				CLANG_WARN_COMMA = YES;
				CLANG_WARN_CONSTANT_CONVERSION = YES;
				CLANG_WARN_DEPRECATED_OBJC_IMPLEMENTATIONS = YES;
				CLANG_WARN_DIRECT_OBJC_ISA_USAGE = YES_ERROR;
				CLANG_WARN_DOCUMENTATION_COMMENTS = YES;
				CLANG_WARN_EMPTY_BODY = YES;
				CLANG_WARN_ENUM_CONVERSION = YES;
				CLANG_WARN_INFINITE_RECURSION = YES;
				CLANG_WARN_INT_CONVERSION = YES;
				CLANG_WARN_NON_LITERAL_NULL_CONVERSION = YES;
				CLANG_WARN_OBJC_IMPLICIT_RETAIN_SELF = YES;
				CLANG_WARN_OBJC_LITERAL_CONVERSION = YES;
				CLANG_WARN_OBJC_ROOT_CLASS = YES_ERROR;
				CLANG_WARN_QUOTED_INCLUDE_IN_FRAMEWORK_HEADER = YES;
				CLANG_WARN_RANGE_LOOP_ANALYSIS = YES;
				CLANG_WARN_STRICT_PROTOTYPES = YES;
				CLANG_WARN_SUSPICIOUS_MOVE = YES;
				CLANG_WARN_UNGUARDED_AVAILABILITY = YES_AGGRESSIVE;
				CLANG_WARN_UNREACHABLE_CODE = YES;
				CLANG_WARN__DUPLICATE_METHOD_MATCH = YES;
				COPY_PHASE_STRIP = NO;
				DEBUG_INFORMATION_FORMAT = "dwarf-with-dsym";
				ENABLE_NS_ASSERTIONS = NO;
				ENABLE_STRICT_OBJC_MSGSEND = YES;
				ENABLE_USER_SCRIPT_SANDBOXING = YES;
				GCC_C_LANGUAGE_STANDARD = gnu17;
				GCC_NO_COMMON_BLOCKS = YES;
				GCC_WARN_64_TO_32_BIT_CONVERSION = YES;
				GCC_WARN_ABOUT_RETURN_TYPE = YES_ERROR;
				GCC_WARN_UNDECLARED_SELECTOR = YES;
				GCC_WARN_UNINITIALIZED_AUTOS = YES_AGGRESSIVE;
				GCC_WARN_UNUSED_FUNCTION = YES;
				GCC_WARN_UNUSED_VARIABLE = YES;
				IPHONEOS_DEPLOYMENT_TARGET = 18.1;
				LOCALIZATION_PREFERS_STRING_CATALOGS = YES;
				MTL_ENABLE_DEBUG_INFO = NO;
				MTL_FAST_MATH = YES;
				SDKROOT = iphoneos;
				SWIFT_COMPILATION_MODE = wholemodule;
				VALIDATE_PRODUCT = YES;
			};
			name = Release;
		};
		64CCD3892CDDECCA0034D61B /* Debug */ = {
			isa = XCBuildConfiguration;
			buildSettings = {
				ASSETCATALOG_COMPILER_APPICON_NAME = AppIcon;
				ASSETCATALOG_COMPILER_GLOBAL_ACCENT_COLOR_NAME = AccentColor;
				CODE_SIGN_STYLE = Automatic;
				CURRENT_PROJECT_VERSION = 1;
				DEVELOPMENT_ASSET_PATHS = "\"DemoAudioRecording/Preview Content\"";
				DEVELOPMENT_TEAM = KFMW92ZKKX;
				ENABLE_PREVIEWS = YES;
				GENERATE_INFOPLIST_FILE = YES;
				INFOPLIST_FILE = DemoAudioRecording/Info.plist;
				INFOPLIST_KEY_NSMicrophoneUsageDescription = "We need your permission to use the microphone for recording audio";
				INFOPLIST_KEY_UIApplicationSceneManifest_Generation = YES;
				INFOPLIST_KEY_UIApplicationSupportsIndirectInputEvents = YES;
				INFOPLIST_KEY_UILaunchScreen_Generation = YES;
				INFOPLIST_KEY_UISupportedInterfaceOrientations_iPad = "UIInterfaceOrientationPortrait UIInterfaceOrientationPortraitUpsideDown UIInterfaceOrientationLandscapeLeft UIInterfaceOrientationLandscapeRight";
				INFOPLIST_KEY_UISupportedInterfaceOrientations_iPhone = "UIInterfaceOrientationPortrait UIInterfaceOrientationLandscapeLeft UIInterfaceOrientationLandscapeRight";
				IPHONEOS_DEPLOYMENT_TARGET = 16.6;
				LD_RUNPATH_SEARCH_PATHS = (
					"$(inherited)",
					"@executable_path/Frameworks",
				);
				MARKETING_VERSION = 1.0;
				PRODUCT_BUNDLE_IDENTIFIER = nhat.DemoAudioRecording;
				PRODUCT_NAME = "$(TARGET_NAME)";
				SWIFT_EMIT_LOC_STRINGS = YES;
				SWIFT_VERSION = 5.0;
				TARGETED_DEVICE_FAMILY = "1,2";
			};
			name = Debug;
		};
		64CCD38A2CDDECCA0034D61B /* Release */ = {
			isa = XCBuildConfiguration;
			buildSettings = {
				ASSETCATALOG_COMPILER_APPICON_NAME = AppIcon;
				ASSETCATALOG_COMPILER_GLOBAL_ACCENT_COLOR_NAME = AccentColor;
				CODE_SIGN_STYLE = Automatic;
				CURRENT_PROJECT_VERSION = 1;
				DEVELOPMENT_ASSET_PATHS = "\"DemoAudioRecording/Preview Content\"";
				DEVELOPMENT_TEAM = KFMW92ZKKX;
				ENABLE_PREVIEWS = YES;
				GENERATE_INFOPLIST_FILE = YES;
				INFOPLIST_FILE = DemoAudioRecording/Info.plist;
				INFOPLIST_KEY_NSMicrophoneUsageDescription = "We need your permission to use the microphone for recording audio";
				INFOPLIST_KEY_UIApplicationSceneManifest_Generation = YES;
				INFOPLIST_KEY_UIApplicationSupportsIndirectInputEvents = YES;
				INFOPLIST_KEY_UILaunchScreen_Generation = YES;
				INFOPLIST_KEY_UISupportedInterfaceOrientations_iPad = "UIInterfaceOrientationPortrait UIInterfaceOrientationPortraitUpsideDown UIInterfaceOrientationLandscapeLeft UIInterfaceOrientationLandscapeRight";
				INFOPLIST_KEY_UISupportedInterfaceOrientations_iPhone = "UIInterfaceOrientationPortrait UIInterfaceOrientationLandscapeLeft UIInterfaceOrientationLandscapeRight";
				IPHONEOS_DEPLOYMENT_TARGET = 16.6;
				LD_RUNPATH_SEARCH_PATHS = (
					"$(inherited)",
					"@executable_path/Frameworks",
				);
				MARKETING_VERSION = 1.0;
				PRODUCT_BUNDLE_IDENTIFIER = nhat.DemoAudioRecording;
				PRODUCT_NAME = "$(TARGET_NAME)";
				SWIFT_EMIT_LOC_STRINGS = YES;
				SWIFT_VERSION = 5.0;
				TARGETED_DEVICE_FAMILY = "1,2";
			};
			name = Release;
		};
		64CCD38C2CDDECCA0034D61B /* Debug */ = {
			isa = XCBuildConfiguration;
			buildSettings = {
				BUNDLE_LOADER = "$(TEST_HOST)";
				CODE_SIGN_STYLE = Automatic;
				CURRENT_PROJECT_VERSION = 1;
				GENERATE_INFOPLIST_FILE = YES;
				IPHONEOS_DEPLOYMENT_TARGET = 18.1;
				MARKETING_VERSION = 1.0;
				PRODUCT_BUNDLE_IDENTIFIER = nhat.DemoAudioRecordingTests;
				PRODUCT_NAME = "$(TARGET_NAME)";
				SWIFT_EMIT_LOC_STRINGS = NO;
				SWIFT_VERSION = 5.0;
				TARGETED_DEVICE_FAMILY = "1,2";
				TEST_HOST = "$(BUILT_PRODUCTS_DIR)/DemoAudioRecording.app/$(BUNDLE_EXECUTABLE_FOLDER_PATH)/DemoAudioRecording";
			};
			name = Debug;
		};
		64CCD38D2CDDECCA0034D61B /* Release */ = {
			isa = XCBuildConfiguration;
			buildSettings = {
				BUNDLE_LOADER = "$(TEST_HOST)";
				CODE_SIGN_STYLE = Automatic;
				CURRENT_PROJECT_VERSION = 1;
				GENERATE_INFOPLIST_FILE = YES;
				IPHONEOS_DEPLOYMENT_TARGET = 18.1;
				MARKETING_VERSION = 1.0;
				PRODUCT_BUNDLE_IDENTIFIER = nhat.DemoAudioRecordingTests;
				PRODUCT_NAME = "$(TARGET_NAME)";
				SWIFT_EMIT_LOC_STRINGS = NO;
				SWIFT_VERSION = 5.0;
				TARGETED_DEVICE_FAMILY = "1,2";
				TEST_HOST = "$(BUILT_PRODUCTS_DIR)/DemoAudioRecording.app/$(BUNDLE_EXECUTABLE_FOLDER_PATH)/DemoAudioRecording";
			};
			name = Release;
		};
		64CCD38F2CDDECCA0034D61B /* Debug */ = {
			isa = XCBuildConfiguration;
			buildSettings = {
				CODE_SIGN_STYLE = Automatic;
				CURRENT_PROJECT_VERSION = 1;
				GENERATE_INFOPLIST_FILE = YES;
				MARKETING_VERSION = 1.0;
				PRODUCT_BUNDLE_IDENTIFIER = nhat.DemoAudioRecordingUITests;
				PRODUCT_NAME = "$(TARGET_NAME)";
				SWIFT_EMIT_LOC_STRINGS = NO;
				SWIFT_VERSION = 5.0;
				TARGETED_DEVICE_FAMILY = "1,2";
				TEST_TARGET_NAME = DemoAudioRecording;
			};
			name = Debug;
		};
		64CCD3902CDDECCA0034D61B /* Release */ = {
			isa = XCBuildConfiguration;
			buildSettings = {
				CODE_SIGN_STYLE = Automatic;
				CURRENT_PROJECT_VERSION = 1;
				GENERATE_INFOPLIST_FILE = YES;
				MARKETING_VERSION = 1.0;
				PRODUCT_BUNDLE_IDENTIFIER = nhat.DemoAudioRecordingUITests;
				PRODUCT_NAME = "$(TARGET_NAME)";
				SWIFT_EMIT_LOC_STRINGS = NO;
				SWIFT_VERSION = 5.0;
				TARGETED_DEVICE_FAMILY = "1,2";
				TEST_TARGET_NAME = DemoAudioRecording;
			};
			name = Release;
		};
/* End XCBuildConfiguration section */

/* Begin XCConfigurationList section */
		64CCD35F2CDDECC70034D61B /* Build configuration list for PBXProject "DemoAudioRecording" */ = {
			isa = XCConfigurationList;
			buildConfigurations = (
				64CCD3862CDDECCA0034D61B /* Debug */,
				64CCD3872CDDECCA0034D61B /* Release */,
			);
			defaultConfigurationIsVisible = 0;
			defaultConfigurationName = Release;
		};
		64CCD3882CDDECCA0034D61B /* Build configuration list for PBXNativeTarget "DemoAudioRecording" */ = {
			isa = XCConfigurationList;
			buildConfigurations = (
				64CCD3892CDDECCA0034D61B /* Debug */,
				64CCD38A2CDDECCA0034D61B /* Release */,
			);
			defaultConfigurationIsVisible = 0;
			defaultConfigurationName = Release;
		};
		64CCD38B2CDDECCA0034D61B /* Build configuration list for PBXNativeTarget "DemoAudioRecordingTests" */ = {
			isa = XCConfigurationList;
			buildConfigurations = (
				64CCD38C2CDDECCA0034D61B /* Debug */,
				64CCD38D2CDDECCA0034D61B /* Release */,
			);
			defaultConfigurationIsVisible = 0;
			defaultConfigurationName = Release;
		};
		64CCD38E2CDDECCA0034D61B /* Build configuration list for PBXNativeTarget "DemoAudioRecordingUITests" */ = {
			isa = XCConfigurationList;
			buildConfigurations = (
				64CCD38F2CDDECCA0034D61B /* Debug */,
				64CCD3902CDDECCA0034D61B /* Release */,
			);
			defaultConfigurationIsVisible = 0;
			defaultConfigurationName = Release;
		};
/* End XCConfigurationList section */
	};
	rootObject = 64CCD35C2CDDECC70034D61B /* Project object */;
}
